
Microsoft Visual Studio Solution File, Format Version 12.00
# Visual Studio Version 17
VisualStudioVersion = 17.0.32112.339
MinimumVisualStudioVersion = 10.0.40219.1
Project("{FAE04EC0-301F-11D3-BF4B-00C04F79EFBC}") = "TcpListener", "TcpListener\TcpListener.csproj", "{347A85FB-481D-4ECA-AF60-368D8FF594B0}"
EndProject
Project("{FAE04EC0-301F-11D3-BF4B-00C04F79EFBC}") = "TCPClient", "TCPClient\TCPClient.csproj", "{50253EE6-02E7-49E4-AC6E-BDD2D162DA3A}"
EndProject
Global
	GlobalSection(SolutionConfigurationPlatforms) = preSolution
		Debug|Any CPU = Debug|Any CPU
		Release|Any CPU = Release|Any CPU
	EndGlobalSection
	GlobalSection(ProjectConfigurationPlatforms) = postSolution
		{347A85FB-481D-4ECA-AF60-368D8FF594B0}.Debug|Any CPU.ActiveCfg = Debug|Any CPU
		{347A85FB-481D-4ECA-AF60-368D8FF594B0}.Debug|Any CPU.Build.0 = Debug|Any CPU
		{347A85FB-481D-4ECA-AF60-368D8FF594B0}.Release|Any CPU.ActiveCfg = Release|Any CPU
		{347A85FB-481D-4ECA-AF60-368D8FF594B0}.Release|Any CPU.Build.0 = Release|Any CPU
		{50253EE6-02E7-49E4-AC6E-BDD2D162DA3A}.Debug|Any CPU.ActiveCfg = Debug|Any CPU
		{50253EE6-02E7-49E4-AC6E-BDD2D162DA3A}.Debug|Any CPU.Build.0 = Debug|Any CPU
		{50253EE6-02E7-49E4-AC6E-BDD2D162DA3A}.Release|Any CPU.ActiveCfg = Release|Any CPU
		{50253EE6-02E7-49E4-AC6E-BDD2D162DA3A}.Release|Any CPU.Build.0 = Release|Any CPU
	EndGlobalSection
	GlobalSection(SolutionProperties) = preSolution
		HideSolutionNode = FALSE
	EndGlobalSection
	GlobalSection(ExtensibilityGlobals) = postSolution
		SolutionGuid = {223DAB23-C6F8-41E4-A63D-EA1B8DADF1F4}
	EndGlobalSection
EndGlobal
